
Microsoft Visual Studio Solution File, Format Version 12.00
# Visual Studio 15
VisualStudioVersion = 15.0.28307.2092
MinimumVisualStudioVersion = 10.0.40219.1
Project("{8BC9CEB8-8B4A-11D0-8D11-00A0C91BC942}") = "23", "23\23.vcxproj", "{793E9F0F-A4CA-43C4-B2D8-67A69B8B808D}"
EndProject
Global
	GlobalSection(SolutionConfigurationPlatforms) = preSolution
		Debug|x64 = Debug|x64
		Debug|x86 = Debug|x86
		Release|x64 = Release|x64
		Release|x86 = Release|x86
	EndGlobalSection
	GlobalSection(ProjectConfigurationPlatforms) = postSolution
		{793E9F0F-A4CA-43C4-B2D8-67A69B8B808D}.Debug|x64.ActiveCfg = Debug|x64
		{793E9F0F-A4CA-43C4-B2D8-67A69B8B808D}.Debug|x64.Build.0 = Debug|x64
		{793E9F0F-A4CA-43C4-B2D8-67A69B8B808D}.Debug|x86.ActiveCfg = Debug|Win32
		{793E9F0F-A4CA-43C4-B2D8-67A69B8B808D}.Debug|x86.Build.0 = Debug|Win32
		{793E9F0F-A4CA-43C4-B2D8-67A69B8B808D}.Release|x64.ActiveCfg = Release|x64
		{793E9F0F-A4CA-43C4-B2D8-67A69B8B808D}.Release|x64.Build.0 = Release|x64
		{793E9F0F-A4CA-43C4-B2D8-67A69B8B808D}.Release|x86.ActiveCfg = Release|Win32
		{793E9F0F-A4CA-43C4-B2D8-67A69B8B808D}.Release|x86.Build.0 = Release|Win32
	EndGlobalSection
	GlobalSection(SolutionProperties) = preSolution
		HideSolutionNode = FALSE
	EndGlobalSection
	GlobalSection(ExtensibilityGlobals) = postSolution
		SolutionGuid = {90A8000A-1DD0-4665-9424-3CE72D17C369}
	EndGlobalSection
EndGlobal
